
Microsoft Visual Studio Solution File, Format Version 12.00
# Visual Studio Version 17
VisualStudioVersion = 17.11.35312.102
MinimumVisualStudioVersion = 10.0.40219.1
Project("{FAE04EC0-301F-11D3-BF4B-00C04F79EFBC}") = "ZooSimulator", "ZooSimulator\ZooSimulator.csproj", "{2CE4CD9D-04DD-4582-85FE-3FA8B57D73A0}"
EndProject
Project("{FAE04EC0-301F-11D3-BF4B-00C04F79EFBC}") = "ZooSimulator.test", "ZooSimulator.test\ZooSimulator.test.csproj", "{78FC6BD5-9973-4501-B149-4FE8D4DCB8D1}"
EndProject
Global
	GlobalSection(SolutionConfigurationPlatforms) = preSolution
		Debug|Any CPU = Debug|Any CPU
		Release|Any CPU = Release|Any CPU
	EndGlobalSection
	GlobalSection(ProjectConfigurationPlatforms) = postSolution
		{2CE4CD9D-04DD-4582-85FE-3FA8B57D73A0}.Debug|Any CPU.ActiveCfg = Debug|Any CPU
		{2CE4CD9D-04DD-4582-85FE-3FA8B57D73A0}.Debug|Any CPU.Build.0 = Debug|Any CPU
		{2CE4CD9D-04DD-4582-85FE-3FA8B57D73A0}.Release|Any CPU.ActiveCfg = Release|Any CPU
		{2CE4CD9D-04DD-4582-85FE-3FA8B57D73A0}.Release|Any CPU.Build.0 = Release|Any CPU
		{78FC6BD5-9973-4501-B149-4FE8D4DCB8D1}.Debug|Any CPU.ActiveCfg = Debug|Any CPU
		{78FC6BD5-9973-4501-B149-4FE8D4DCB8D1}.Debug|Any CPU.Build.0 = Debug|Any CPU
		{78FC6BD5-9973-4501-B149-4FE8D4DCB8D1}.Release|Any CPU.ActiveCfg = Release|Any CPU
		{78FC6BD5-9973-4501-B149-4FE8D4DCB8D1}.Release|Any CPU.Build.0 = Release|Any CPU
	EndGlobalSection
	GlobalSection(SolutionProperties) = preSolution
		HideSolutionNode = FALSE
	EndGlobalSection
	GlobalSection(ExtensibilityGlobals) = postSolution
		SolutionGuid = {F48B5D6F-D1D4-497B-9B19-F36BCA11D93E}
	EndGlobalSection
EndGlobal
